// !$*UTF8*$!
{
	archiveVersion = 1;
	classes = {
	};
	objectVersion = 50;
	objects = {

/* Begin PBXBuildFile section */
		B0FF3471221519A500E0B644 /* AppDelegate.swift in Sources */ = {isa = PBXBuildFile; fileRef = B0FF3470221519A500E0B644 /* AppDelegate.swift */; };
		B0FF3473221519A500E0B644 /* ViewController.swift in Sources */ = {isa = PBXBuildFile; fileRef = B0FF3472221519A500E0B644 /* ViewController.swift */; };
		B0FF3476221519A500E0B644 /* Main.storyboard in Resources */ = {isa = PBXBuildFile; fileRef = B0FF3474221519A500E0B644 /* Main.storyboard */; };
		B0FF3478221519A600E0B644 /* Assets.xcassets in Resources */ = {isa = PBXBuildFile; fileRef = B0FF3477221519A600E0B644 /* Assets.xcassets */; };
		B0FF347B221519A600E0B644 /* LaunchScreen.storyboard in Resources */ = {isa = PBXBuildFile; fileRef = B0FF3479221519A600E0B644 /* LaunchScreen.storyboard */; };
		B0FF3486221519A600E0B644 /* TurkTurkTests.swift in Sources */ = {isa = PBXBuildFile; fileRef = B0FF3485221519A600E0B644 /* TurkTurkTests.swift */; };
		B0FF3491221519A600E0B644 /* TurkTurkUITests.swift in Sources */ = {isa = PBXBuildFile; fileRef = B0FF3490221519A600E0B644 /* TurkTurkUITests.swift */; };
/* End PBXBuildFile section */

/* Begin PBXContainerItemProxy section */
		B0FF3482221519A600E0B644 /* PBXContainerItemProxy */ = {
			isa = PBXContainerItemProxy;
			containerPortal = B0FF3465221519A500E0B644 /* Project object */;
			proxyType = 1;
			remoteGlobalIDString = B0FF346C221519A500E0B644;
			remoteInfo = TurkTurk;
		};
		B0FF348D221519A600E0B644 /* PBXContainerItemProxy */ = {
			isa = PBXContainerItemProxy;
			containerPortal = B0FF3465221519A500E0B644 /* Project object */;
			proxyType = 1;
			remoteGlobalIDString = B0FF346C221519A500E0B644;
			remoteInfo = TurkTurk;
		};
/* End PBXContainerItemProxy section */

/* Begin PBXFileReference section */
		B0FF346D221519A500E0B644 /* TurkTurk.app */ = {isa = PBXFileReference; explicitFileType = wrapper.application; includeInIndex = 0; path = TurkTurk.app; sourceTree = BUILT_PRODUCTS_DIR; };
		B0FF3470221519A500E0B644 /* AppDelegate.swift */ = {isa = PBXFileReference; lastKnownFileType = sourcecode.swift; path = AppDelegate.swift; sourceTree = "<group>"; };
		B0FF3472221519A500E0B644 /* ViewController.swift */ = {isa = PBXFileReference; lastKnownFileType = sourcecode.swift; path = ViewController.swift; sourceTree = "<group>"; };
		B0FF3475221519A500E0B644 /* Base */ = {isa = PBXFileReference; lastKnownFileType = file.storyboard; name = Base; path = Base.lproj/Main.storyboard; sourceTree = "<group>"; };
		B0FF3477221519A600E0B644 /* Assets.xcassets */ = {isa = PBXFileReference; lastKnownFileType = folder.assetcatalog; path = Assets.xcassets; sourceTree = "<group>"; };
		B0FF347A221519A600E0B644 /* Base */ = {isa = PBXFileReference; lastKnownFileType = file.storyboard; name = Base; path = Base.lproj/LaunchScreen.storyboard; sourceTree = "<group>"; };
		B0FF347C221519A600E0B644 /* Info.plist */ = {isa = PBXFileReference; lastKnownFileType = text.plist.xml; path = Info.plist; sourceTree = "<group>"; };
		B0FF3481221519A600E0B644 /* TurkTurkTests.xctest */ = {isa = PBXFileReference; explicitFileType = wrapper.cfbundle; includeInIndex = 0; path = TurkTurkTests.xctest; sourceTree = BUILT_PRODUCTS_DIR; };
		B0FF3485221519A600E0B644 /* TurkTurkTests.swift */ = {isa = PBXFileReference; lastKnownFileType = sourcecode.swift; path = TurkTurkTests.swift; sourceTree = "<group>"; };
		B0FF3487221519A600E0B644 /* Info.plist */ = {isa = PBXFileReference; lastKnownFileType = text.plist.xml; path = Info.plist; sourceTree = "<group>"; };
		B0FF348C221519A600E0B644 /* TurkTurkUITests.xctest */ = {isa = PBXFileReference; explicitFileType = wrapper.cfbundle; includeInIndex = 0; path = TurkTurkUITests.xctest; sourceTree = BUILT_PRODUCTS_DIR; };
		B0FF3490221519A600E0B644 /* TurkTurkUITests.swift */ = {isa = PBXFileReference; lastKnownFileType = sourcecode.swift; path = TurkTurkUITests.swift; sourceTree = "<group>"; };
		B0FF3492221519A600E0B644 /* Info.plist */ = {isa = PBXFileReference; lastKnownFileType = text.plist.xml; path = Info.plist; sourceTree = "<group>"; };
/* End PBXFileReference section */

/* Begin PBXFrameworksBuildPhase section */
		B0FF346A221519A500E0B644 /* Frameworks */ = {
			isa = PBXFrameworksBuildPhase;
			buildActionMask = 2147483647;
			files = (
			);
			runOnlyForDeploymentPostprocessing = 0;
		};
		B0FF347E221519A600E0B644 /* Frameworks */ = {
			isa = PBXFrameworksBuildPhase;
			buildActionMask = 2147483647;
			files = (
			);
			runOnlyForDeploymentPostprocessing = 0;
		};
		B0FF3489221519A600E0B644 /* Frameworks */ = {
			isa = PBXFrameworksBuildPhase;
			buildActionMask = 2147483647;
			files = (
			);
			runOnlyForDeploymentPostprocessing = 0;
		};
/* End PBXFrameworksBuildPhase section */

/* Begin PBXGroup section */
		B0FF3464221519A500E0B644 = {
			isa = PBXGroup;
			children = (
				B0FF346F221519A500E0B644 /* TurkTurk */,
				B0FF3484221519A600E0B644 /* TurkTurkTests */,
				B0FF348F221519A600E0B644 /* TurkTurkUITests */,
				B0FF346E221519A500E0B644 /* Products */,
			);
			sourceTree = "<group>";
		};
		B0FF346E221519A500E0B644 /* Products */ = {
			isa = PBXGroup;
			children = (
				B0FF346D221519A500E0B644 /* TurkTurk.app */,
				B0FF3481221519A600E0B644 /* TurkTurkTests.xctest */,
				B0FF348C221519A600E0B644 /* TurkTurkUITests.xctest */,
			);
			name = Products;
			sourceTree = "<group>";
		};
		B0FF346F221519A500E0B644 /* TurkTurk */ = {
			isa = PBXGroup;
			children = (
				B0FF3470221519A500E0B644 /* AppDelegate.swift */,
				B0FF3472221519A500E0B644 /* ViewController.swift */,
				B0FF3474221519A500E0B644 /* Main.storyboard */,
				B0FF3477221519A600E0B644 /* Assets.xcassets */,
				B0FF3479221519A600E0B644 /* LaunchScreen.storyboard */,
				B0FF347C221519A600E0B644 /* Info.plist */,
			);
			path = TurkTurk;
			sourceTree = "<group>";
		};
		B0FF3484221519A600E0B644 /* TurkTurkTests */ = {
			isa = PBXGroup;
			children = (
				B0FF3485221519A600E0B644 /* TurkTurkTests.swift */,
				B0FF3487221519A600E0B644 /* Info.plist */,
			);
			path = TurkTurkTests;
			sourceTree = "<group>";
		};
		B0FF348F221519A600E0B644 /* TurkTurkUITests */ = {
			isa = PBXGroup;
			children = (
				B0FF3490221519A600E0B644 /* TurkTurkUITests.swift */,
				B0FF3492221519A600E0B644 /* Info.plist */,
			);
			path = TurkTurkUITests;
			sourceTree = "<group>";
		};
/* End PBXGroup section */

/* Begin PBXNativeTarget section */
		B0FF346C221519A500E0B644 /* TurkTurk */ = {
			isa = PBXNativeTarget;
			buildConfigurationList = B0FF3495221519A600E0B644 /* Build configuration list for PBXNativeTarget "TurkTurk" */;
			buildPhases = (
				B0FF3469221519A500E0B644 /* Sources */,
				B0FF346A221519A500E0B644 /* Frameworks */,
				B0FF346B221519A500E0B644 /* Resources */,
			);
			buildRules = (
			);
			dependencies = (
			);
			name = TurkTurk;
			productName = TurkTurk;
			productReference = B0FF346D221519A500E0B644 /* TurkTurk.app */;
			productType = "com.apple.product-type.application";
		};
		B0FF3480221519A600E0B644 /* TurkTurkTests */ = {
			isa = PBXNativeTarget;
			buildConfigurationList = B0FF3498221519A600E0B644 /* Build configuration list for PBXNativeTarget "TurkTurkTests" */;
			buildPhases = (
				B0FF347D221519A600E0B644 /* Sources */,
				B0FF347E221519A600E0B644 /* Frameworks */,
				B0FF347F221519A600E0B644 /* Resources */,
			);
			buildRules = (
			);
			dependencies = (
				B0FF3483221519A600E0B644 /* PBXTargetDependency */,
			);
			name = TurkTurkTests;
			productName = TurkTurkTests;
			productReference = B0FF3481221519A600E0B644 /* TurkTurkTests.xctest */;
			productType = "com.apple.product-type.bundle.unit-test";
		};
		B0FF348B221519A600E0B644 /* TurkTurkUITests */ = {
			isa = PBXNativeTarget;
			buildConfigurationList = B0FF349B221519A600E0B644 /* Build configuration list for PBXNativeTarget "TurkTurkUITests" */;
			buildPhases = (
				B0FF3488221519A600E0B644 /* Sources */,
				B0FF3489221519A600E0B644 /* Frameworks */,
				B0FF348A221519A600E0B644 /* Resources */,
			);
			buildRules = (
			);
			dependencies = (
				B0FF348E221519A600E0B644 /* PBXTargetDependency */,
			);
			name = TurkTurkUITests;
			productName = TurkTurkUITests;
			productReference = B0FF348C221519A600E0B644 /* TurkTurkUITests.xctest */;
			productType = "com.apple.product-type.bundle.ui-testing";
		};
/* End PBXNativeTarget section */

/* Begin PBXProject section */
		B0FF3465221519A500E0B644 /* Project object */ = {
			isa = PBXProject;
			attributes = {
				LastSwiftUpdateCheck = 1010;
				LastUpgradeCheck = 1010;
				ORGANIZATIONNAME = Sycorax;
				TargetAttributes = {
					B0FF346C221519A500E0B644 = {
						CreatedOnToolsVersion = 10.1;
					};
					B0FF3480221519A600E0B644 = {
						CreatedOnToolsVersion = 10.1;
						TestTargetID = B0FF346C221519A500E0B644;
					};
					B0FF348B221519A600E0B644 = {
						CreatedOnToolsVersion = 10.1;
						TestTargetID = B0FF346C221519A500E0B644;
					};
				};
			};
			buildConfigurationList = B0FF3468221519A500E0B644 /* Build configuration list for PBXProject "TurkTurk" */;
			compatibilityVersion = "Xcode 9.3";
			developmentRegion = en;
			hasScannedForEncodings = 0;
			knownRegions = (
				en,
				Base,
			);
			mainGroup = B0FF3464221519A500E0B644;
			productRefGroup = B0FF346E221519A500E0B644 /* Products */;
			projectDirPath = "";
			projectRoot = "";
			targets = (
				B0FF346C221519A500E0B644 /* TurkTurk */,
				B0FF3480221519A600E0B644 /* TurkTurkTests */,
				B0FF348B221519A600E0B644 /* TurkTurkUITests */,
			);
		};
/* End PBXProject section */

/* Begin PBXResourcesBuildPhase section */
		B0FF346B221519A500E0B644 /* Resources */ = {
			isa = PBXResourcesBuildPhase;
			buildActionMask = 2147483647;
			files = (
				B0FF347B221519A600E0B644 /* LaunchScreen.storyboard in Resources */,
				B0FF3478221519A600E0B644 /* Assets.xcassets in Resources */,
				B0FF3476221519A500E0B644 /* Main.storyboard in Resources */,
			);
			runOnlyForDeploymentPostprocessing = 0;
		};
		B0FF347F221519A600E0B644 /* Resources */ = {
			isa = PBXResourcesBuildPhase;
			buildActionMask = 2147483647;
			files = (
			);
			runOnlyForDeploymentPostprocessing = 0;
		};
		B0FF348A221519A600E0B644 /* Resources */ = {
			isa = PBXResourcesBuildPhase;
			buildActionMask = 2147483647;
			files = (
			);
			runOnlyForDeploymentPostprocessing = 0;
		};
/* End PBXResourcesBuildPhase section */

/* Begin PBXSourcesBuildPhase section */
		B0FF3469221519A500E0B644 /* Sources */ = {
			isa = PBXSourcesBuildPhase;
			buildActionMask = 2147483647;
			files = (
				B0FF3473221519A500E0B644 /* ViewController.swift in Sources */,
				B0FF3471221519A500E0B644 /* AppDelegate.swift in Sources */,
			);
			runOnlyForDeploymentPostprocessing = 0;
		};
		B0FF347D221519A600E0B644 /* Sources */ = {
			isa = PBXSourcesBuildPhase;
			buildActionMask = 2147483647;
			files = (
				B0FF3486221519A600E0B644 /* TurkTurkTests.swift in Sources */,
			);
			runOnlyForDeploymentPostprocessing = 0;
		};
		B0FF3488221519A600E0B644 /* Sources */ = {
			isa = PBXSourcesBuildPhase;
			buildActionMask = 2147483647;
			files = (
				B0FF3491221519A600E0B644 /* TurkTurkUITests.swift in Sources */,
			);
			runOnlyForDeploymentPostprocessing = 0;
		};
/* End PBXSourcesBuildPhase section */

/* Begin PBXTargetDependency section */
		B0FF3483221519A600E0B644 /* PBXTargetDependency */ = {
			isa = PBXTargetDependency;
			target = B0FF346C221519A500E0B644 /* TurkTurk */;
			targetProxy = B0FF3482221519A600E0B644 /* PBXContainerItemProxy */;
		};
		B0FF348E221519A600E0B644 /* PBXTargetDependency */ = {
			isa = PBXTargetDependency;
			target = B0FF346C221519A500E0B644 /* TurkTurk */;
			targetProxy = B0FF348D221519A600E0B644 /* PBXContainerItemProxy */;
		};
/* End PBXTargetDependency section */

/* Begin PBXVariantGroup section */
		B0FF3474221519A500E0B644 /* Main.storyboard */ = {
			isa = PBXVariantGroup;
			children = (
				B0FF3475221519A500E0B644 /* Base */,
			);
			name = Main.storyboard;
			sourceTree = "<group>";
		};
		B0FF3479221519A600E0B644 /* LaunchScreen.storyboard */ = {
			isa = PBXVariantGroup;
			children = (
				B0FF347A221519A600E0B644 /* Base */,
			);
			name = LaunchScreen.storyboard;
			sourceTree = "<group>";
		};
/* End PBXVariantGroup section */

/* Begin XCBuildConfiguration section */
		B0FF3493221519A600E0B644 /* Debug */ = {
			isa = XCBuildConfiguration;
			buildSettings = {
				ALWAYS_SEARCH_USER_PATHS = NO;
				CLANG_ANALYZER_NONNULL = YES;
				CLANG_ANALYZER_NUMBER_OBJECT_CONVERSION = YES_AGGRESSIVE;
				CLANG_CXX_LANGUAGE_STANDARD = "gnu++14";
				CLANG_CXX_LIBRARY = "libc++";
				CLANG_ENABLE_MODULES = YES;
				CLANG_ENABLE_OBJC_ARC = YES;
				CLANG_ENABLE_OBJC_WEAK = YES;
				CLANG_WARN_BLOCK_CAPTURE_AUTORELEASING = YES;
				CLANG_WARN_BOOL_CONVERSION = YES;
				CLANG_WARN_COMMA = YES;
				CLANG_WARN_CONSTANT_CONVERSION = YES;
				CLANG_WARN_DEPRECATED_OBJC_IMPLEMENTATIONS = YES;
				CLANG_WARN_DIRECT_OBJC_ISA_USAGE = YES_ERROR;
				CLANG_WARN_DOCUMENTATION_COMMENTS = YES;
				CLANG_WARN_EMPTY_BODY = YES;
				CLANG_WARN_ENUM_CONVERSION = YES;
				CLANG_WARN_INFINITE_RECURSION = YES;
				CLANG_WARN_INT_CONVERSION = YES;
				CLANG_WARN_NON_LITERAL_NULL_CONVERSION = YES;
				CLANG_WARN_OBJC_IMPLICIT_RETAIN_SELF = YES;
				CLANG_WARN_OBJC_LITERAL_CONVERSION = YES;
				CLANG_WARN_OBJC_ROOT_CLASS = YES_ERROR;
				CLANG_WARN_RANGE_LOOP_ANALYSIS = YES;
				CLANG_WARN_STRICT_PROTOTYPES = YES;
				CLANG_WARN_SUSPICIOUS_MOVE = YES;
				CLANG_WARN_UNGUARDED_AVAILABILITY = YES_AGGRESSIVE;
				CLANG_WARN_UNREACHABLE_CODE = YES;
				CLANG_WARN__DUPLICATE_METHOD_MATCH = YES;
				CODE_SIGN_IDENTITY = "iPhone Developer";
				COPY_PHASE_STRIP = NO;
				DEBUG_INFORMATION_FORMAT = dwarf;
				ENABLE_STRICT_OBJC_MSGSEND = YES;
				ENABLE_TESTABILITY = YES;
				GCC_C_LANGUAGE_STANDARD = gnu11;
				GCC_DYNAMIC_NO_PIC = NO;
				GCC_NO_COMMON_BLOCKS = YES;
				GCC_OPTIMIZATION_LEVEL = 0;
				GCC_PREPROCESSOR_DEFINITIONS = (
					"DEBUG=1",
					"$(inherited)",
				);
				GCC_WARN_64_TO_32_BIT_CONVERSION = YES;
				GCC_WARN_ABOUT_RETURN_TYPE = YES_ERROR;
				GCC_WARN_UNDECLARED_SELECTOR = YES;
				GCC_WARN_UNINITIALIZED_AUTOS = YES_AGGRESSIVE;
				GCC_WARN_UNUSED_FUNCTION = YES;
				GCC_WARN_UNUSED_VARIABLE = YES;
				IPHONEOS_DEPLOYMENT_TARGET = 12.1;
				MTL_ENABLE_DEBUG_INFO = INCLUDE_SOURCE;
				MTL_FAST_MATH = YES;
				ONLY_ACTIVE_ARCH = YES;
				SDKROOT = iphoneos;
				SWIFT_ACTIVE_COMPILATION_CONDITIONS = DEBUG;
				SWIFT_OPTIMIZATION_LEVEL = "-Onone";
			};
			name = Debug;
		};
		B0FF3494221519A600E0B644 /* Release */ = {
			isa = XCBuildConfiguration;
			buildSettings = {
				ALWAYS_SEARCH_USER_PATHS = NO;
				CLANG_ANALYZER_NONNULL = YES;
				CLANG_ANALYZER_NUMBER_OBJECT_CONVERSION = YES_AGGRESSIVE;
				CLANG_CXX_LANGUAGE_STANDARD = "gnu++14";
				CLANG_CXX_LIBRARY = "libc++";
				CLANG_ENABLE_MODULES = YES;
				CLANG_ENABLE_OBJC_ARC = YES;
				CLANG_ENABLE_OBJC_WEAK = YES;
				CLANG_WARN_BLOCK_CAPTURE_AUTORELEASING = YES;
				CLANG_WARN_BOOL_CONVERSION = YES;
				CLANG_WARN_COMMA = YES;
				CLANG_WARN_CONSTANT_CONVERSION = YES;
				CLANG_WARN_DEPRECATED_OBJC_IMPLEMENTATIONS = YES;
				CLANG_WARN_DIRECT_OBJC_ISA_USAGE = YES_ERROR;
				CLANG_WARN_DOCUMENTATION_COMMENTS = YES;
				CLANG_WARN_EMPTY_BODY = YES;
				CLANG_WARN_ENUM_CONVERSION = YES;
				CLANG_WARN_INFINITE_RECURSION = YES;
				CLANG_WARN_INT_CONVERSION = YES;
				CLANG_WARN_NON_LITERAL_NULL_CONVERSION = YES;
				CLANG_WARN_OBJC_IMPLICIT_RETAIN_SELF = YES;
				CLANG_WARN_OBJC_LITERAL_CONVERSION = YES;
				CLANG_WARN_OBJC_ROOT_CLASS = YES_ERROR;
				CLANG_WARN_RANGE_LOOP_ANALYSIS = YES;
				CLANG_WARN_STRICT_PROTOTYPES = YES;
				CLANG_WARN_SUSPICIOUS_MOVE = YES;
				CLANG_WARN_UNGUARDED_AVAILABILITY = YES_AGGRESSIVE;
				CLANG_WARN_UNREACHABLE_CODE = YES;
				CLANG_WARN__DUPLICATE_METHOD_MATCH = YES;
				CODE_SIGN_IDENTITY = "iPhone Developer";
				COPY_PHASE_STRIP = NO;
				DEBUG_INFORMATION_FORMAT = "dwarf-with-dsym";
				ENABLE_NS_ASSERTIONS = NO;
				ENABLE_STRICT_OBJC_MSGSEND = YES;
				GCC_C_LANGUAGE_STANDARD = gnu11;
				GCC_NO_COMMON_BLOCKS = YES;
				GCC_WARN_64_TO_32_BIT_CONVERSION = YES;
				GCC_WARN_ABOUT_RETURN_TYPE = YES_ERROR;
				GCC_WARN_UNDECLARED_SELECTOR = YES;
				GCC_WARN_UNINITIALIZED_AUTOS = YES_AGGRESSIVE;
				GCC_WARN_UNUSED_FUNCTION = YES;
				GCC_WARN_UNUSED_VARIABLE = YES;
				IPHONEOS_DEPLOYMENT_TARGET = 12.1;
				MTL_ENABLE_DEBUG_INFO = NO;
				MTL_FAST_MATH = YES;
				SDKROOT = iphoneos;
				SWIFT_COMPILATION_MODE = wholemodule;
				SWIFT_OPTIMIZATION_LEVEL = "-O";
				VALIDATE_PRODUCT = YES;
			};
			name = Release;
		};
		B0FF3496221519A600E0B644 /* Debug */ = {
			isa = XCBuildConfiguration;
			buildSettings = {
				ASSETCATALOG_COMPILER_APPICON_NAME = AppIcon;
				CODE_SIGN_STYLE = Automatic;
				DEVELOPMENT_TEAM = R3KWYPC33B;
				INFOPLIST_FILE = TurkTurk/Info.plist;
				LD_RUNPATH_SEARCH_PATHS = (
					"$(inherited)",
					"@executable_path/Frameworks",
				);
				PRODUCT_BUNDLE_IDENTIFIER = com.sycorax.TurkTurk;
				PRODUCT_NAME = "$(TARGET_NAME)";
				SWIFT_VERSION = 4.2;
				TARGETED_DEVICE_FAMILY = "1,2";
			};
			name = Debug;
		};
		B0FF3497221519A600E0B644 /* Release */ = {
			isa = XCBuildConfiguration;
			buildSettings = {
				ASSETCATALOG_COMPILER_APPICON_NAME = AppIcon;
				CODE_SIGN_STYLE = Automatic;
				DEVELOPMENT_TEAM = R3KWYPC33B;
				INFOPLIST_FILE = TurkTurk/Info.plist;
				LD_RUNPATH_SEARCH_PATHS = (
					"$(inherited)",
					"@executable_path/Frameworks",
				);
				PRODUCT_BUNDLE_IDENTIFIER = com.sycorax.TurkTurk;
				PRODUCT_NAME = "$(TARGET_NAME)";
				SWIFT_VERSION = 4.2;
				TARGETED_DEVICE_FAMILY = "1,2";
			};
			name = Release;
		};
		B0FF3499221519A600E0B644 /* Debug */ = {
			isa = XCBuildConfiguration;
			buildSettings = {
				ALWAYS_EMBED_SWIFT_STANDARD_LIBRARIES = YES;
				BUNDLE_LOADER = "$(TEST_HOST)";
				CODE_SIGN_STYLE = Automatic;
				DEVELOPMENT_TEAM = R3KWYPC33B;
				INFOPLIST_FILE = TurkTurkTests/Info.plist;
				LD_RUNPATH_SEARCH_PATHS = (
					"$(inherited)",
					"@executable_path/Frameworks",
					"@loader_path/Frameworks",
				);
				PRODUCT_BUNDLE_IDENTIFIER = com.sycorax.TurkTurkTests;
				PRODUCT_NAME = "$(TARGET_NAME)";
				SWIFT_VERSION = 4.2;
				TARGETED_DEVICE_FAMILY = "1,2";
				TEST_HOST = "$(BUILT_PRODUCTS_DIR)/TurkTurk.app/TurkTurk";
			};
			name = Debug;
		};
		B0FF349A221519A600E0B644 /* Release */ = {
			isa = XCBuildConfiguration;
			buildSettings = {
				ALWAYS_EMBED_SWIFT_STANDARD_LIBRARIES = YES;
				BUNDLE_LOADER = "$(TEST_HOST)";
				CODE_SIGN_STYLE = Automatic;
				DEVELOPMENT_TEAM = R3KWYPC33B;
				INFOPLIST_FILE = TurkTurkTests/Info.plist;
				LD_RUNPATH_SEARCH_PATHS = (
					"$(inherited)",
					"@executable_path/Frameworks",
					"@loader_path/Frameworks",
				);
				PRODUCT_BUNDLE_IDENTIFIER = com.sycorax.TurkTurkTests;
				PRODUCT_NAME = "$(TARGET_NAME)";
				SWIFT_VERSION = 4.2;
				TARGETED_DEVICE_FAMILY = "1,2";
				TEST_HOST = "$(BUILT_PRODUCTS_DIR)/TurkTurk.app/TurkTurk";
			};
			name = Release;
		};
		B0FF349C221519A600E0B644 /* Debug */ = {
			isa = XCBuildConfiguration;
			buildSettings = {
				ALWAYS_EMBED_SWIFT_STANDARD_LIBRARIES = YES;
				CODE_SIGN_STYLE = Automatic;
				DEVELOPMENT_TEAM = R3KWYPC33B;
				INFOPLIST_FILE = TurkTurkUITests/Info.plist;
				LD_RUNPATH_SEARCH_PATHS = (
					"$(inherited)",
					"@executable_path/Frameworks",
					"@loader_path/Frameworks",
				);
				PRODUCT_BUNDLE_IDENTIFIER = com.sycorax.TurkTurkUITests;
				PRODUCT_NAME = "$(TARGET_NAME)";
				SWIFT_VERSION = 4.2;
				TARGETED_DEVICE_FAMILY = "1,2";
				TEST_TARGET_NAME = TurkTurk;
			};
			name = Debug;
		};
		B0FF349D221519A600E0B644 /* Release */ = {
			isa = XCBuildConfiguration;
			buildSettings = {
				ALWAYS_EMBED_SWIFT_STANDARD_LIBRARIES = YES;
				CODE_SIGN_STYLE = Automatic;
				DEVELOPMENT_TEAM = R3KWYPC33B;
				INFOPLIST_FILE = TurkTurkUITests/Info.plist;
				LD_RUNPATH_SEARCH_PATHS = (
					"$(inherited)",
					"@executable_path/Frameworks",
					"@loader_path/Frameworks",
				);
				PRODUCT_BUNDLE_IDENTIFIER = com.sycorax.TurkTurkUITests;
				PRODUCT_NAME = "$(TARGET_NAME)";
				SWIFT_VERSION = 4.2;
				TARGETED_DEVICE_FAMILY = "1,2";
				TEST_TARGET_NAME = TurkTurk;
			};
			name = Release;
		};
/* End XCBuildConfiguration section */

/* Begin XCConfigurationList section */
		B0FF3468221519A500E0B644 /* Build configuration list for PBXProject "TurkTurk" */ = {
			isa = XCConfigurationList;
			buildConfigurations = (
				B0FF3493221519A600E0B644 /* Debug */,
				B0FF3494221519A600E0B644 /* Release */,
			);
			defaultConfigurationIsVisible = 0;
			defaultConfigurationName = Release;
		};
		B0FF3495221519A600E0B644 /* Build configuration list for PBXNativeTarget "TurkTurk" */ = {
			isa = XCConfigurationList;
			buildConfigurations = (
				B0FF3496221519A600E0B644 /* Debug */,
				B0FF3497221519A600E0B644 /* Release */,
			);
			defaultConfigurationIsVisible = 0;
			defaultConfigurationName = Release;
		};
		B0FF3498221519A600E0B644 /* Build configuration list for PBXNativeTarget "TurkTurkTests" */ = {
			isa = XCConfigurationList;
			buildConfigurations = (
				B0FF3499221519A600E0B644 /* Debug */,
				B0FF349A221519A600E0B644 /* Release */,
			);
			defaultConfigurationIsVisible = 0;
			defaultConfigurationName = Release;
		};
		B0FF349B221519A600E0B644 /* Build configuration list for PBXNativeTarget "TurkTurkUITests" */ = {
			isa = XCConfigurationList;
			buildConfigurations = (
				B0FF349C221519A600E0B644 /* Debug */,
				B0FF349D221519A600E0B644 /* Release */,
			);
			defaultConfigurationIsVisible = 0;
			defaultConfigurationName = Release;
		};
/* End XCConfigurationList section */
	};
	rootObject = B0FF3465221519A500E0B644 /* Project object */;
}
